{
  "requires": true,
  "lockfileVersion": 1,
  "dependencies": {
    "wouter": {
      "version": "2.7.3",
      "resolved": "https://registry.npmjs.org/wouter/-/wouter-2.7.3.tgz",
      "integrity": "sha512-xUiel4/AImfAj1ZK4MKB3i3GeQ1vZyC0vqub8lHrC18c2NIKyH/h0myAoxguv3UVHKNR8y/4MyRc4vIxiUNcYQ=="
    }
  }
}
